
Microsoft Visual Studio Solution File, Format Version 12.00
# Visual Studio 2012
Project("{FAE04EC0-301F-11D3-BF4B-00C04F79EFBC}") = "TestBinding", "TestBinding\TestBinding.csproj", "{29480271-9178-430F-8332-40A2CEC127F4}"
EndProject
Project("{FAE04EC0-301F-11D3-BF4B-00C04F79EFBC}") = "TestBinding.iOS", "iOS\TestBinding.iOS.csproj", "{6E5E5F3A-79C0-46F6-BB1E-25B45277A6F3}"
EndProject
Project("{FAE04EC0-301F-11D3-BF4B-00C04F79EFBC}") = "TestBinding.Droid", "Droid\TestBinding.Droid.csproj", "{7FADED5F-A7A9-4BBB-A643-D10D79ADA99E}"
EndProject
Global
	GlobalSection(SolutionConfigurationPlatforms) = preSolution
		Debug|Any CPU = Debug|Any CPU
		Release|Any CPU = Release|Any CPU
		Debug|iPhoneSimulator = Debug|iPhoneSimulator
		Release|iPhone = Release|iPhone
		Release|iPhoneSimulator = Release|iPhoneSimulator
		Debug|iPhone = Debug|iPhone
	EndGlobalSection
	GlobalSection(ProjectConfigurationPlatforms) = postSolution
		{29480271-9178-430F-8332-40A2CEC127F4}.Debug|Any CPU.ActiveCfg = Debug|Any CPU
		{29480271-9178-430F-8332-40A2CEC127F4}.Debug|Any CPU.Build.0 = Debug|Any CPU
		{29480271-9178-430F-8332-40A2CEC127F4}.Debug|iPhone.ActiveCfg = Debug|Any CPU
		{29480271-9178-430F-8332-40A2CEC127F4}.Debug|iPhone.Build.0 = Debug|Any CPU
		{29480271-9178-430F-8332-40A2CEC127F4}.Debug|iPhoneSimulator.ActiveCfg = Debug|Any CPU
		{29480271-9178-430F-8332-40A2CEC127F4}.Debug|iPhoneSimulator.Build.0 = Debug|Any CPU
		{29480271-9178-430F-8332-40A2CEC127F4}.Release|Any CPU.ActiveCfg = Release|Any CPU
		{29480271-9178-430F-8332-40A2CEC127F4}.Release|Any CPU.Build.0 = Release|Any CPU
		{29480271-9178-430F-8332-40A2CEC127F4}.Release|iPhone.ActiveCfg = Release|Any CPU
		{29480271-9178-430F-8332-40A2CEC127F4}.Release|iPhone.Build.0 = Release|Any CPU
		{29480271-9178-430F-8332-40A2CEC127F4}.Release|iPhoneSimulator.ActiveCfg = Release|Any CPU
		{29480271-9178-430F-8332-40A2CEC127F4}.Release|iPhoneSimulator.Build.0 = Release|Any CPU
		{6E5E5F3A-79C0-46F6-BB1E-25B45277A6F3}.Debug|Any CPU.ActiveCfg = Debug|iPhoneSimulator
		{6E5E5F3A-79C0-46F6-BB1E-25B45277A6F3}.Debug|Any CPU.Build.0 = Debug|iPhoneSimulator
		{6E5E5F3A-79C0-46F6-BB1E-25B45277A6F3}.Debug|iPhone.ActiveCfg = Debug|iPhone
		{6E5E5F3A-79C0-46F6-BB1E-25B45277A6F3}.Debug|iPhone.Build.0 = Debug|iPhone
		{6E5E5F3A-79C0-46F6-BB1E-25B45277A6F3}.Debug|iPhoneSimulator.ActiveCfg = Debug|iPhoneSimulator
		{6E5E5F3A-79C0-46F6-BB1E-25B45277A6F3}.Debug|iPhoneSimulator.Build.0 = Debug|iPhoneSimulator
		{6E5E5F3A-79C0-46F6-BB1E-25B45277A6F3}.Release|Any CPU.ActiveCfg = Release|iPhone
		{6E5E5F3A-79C0-46F6-BB1E-25B45277A6F3}.Release|Any CPU.Build.0 = Release|iPhone
		{6E5E5F3A-79C0-46F6-BB1E-25B45277A6F3}.Release|iPhone.ActiveCfg = Release|iPhone
		{6E5E5F3A-79C0-46F6-BB1E-25B45277A6F3}.Release|iPhone.Build.0 = Release|iPhone
		{6E5E5F3A-79C0-46F6-BB1E-25B45277A6F3}.Release|iPhoneSimulator.ActiveCfg = Release|iPhoneSimulator
		{6E5E5F3A-79C0-46F6-BB1E-25B45277A6F3}.Release|iPhoneSimulator.Build.0 = Release|iPhoneSimulator
		{7FADED5F-A7A9-4BBB-A643-D10D79ADA99E}.Debug|Any CPU.ActiveCfg = Debug|Any CPU
		{7FADED5F-A7A9-4BBB-A643-D10D79ADA99E}.Debug|Any CPU.Build.0 = Debug|Any CPU
		{7FADED5F-A7A9-4BBB-A643-D10D79ADA99E}.Debug|iPhone.ActiveCfg = Debug|Any CPU
		{7FADED5F-A7A9-4BBB-A643-D10D79ADA99E}.Debug|iPhone.Build.0 = Debug|Any CPU
		{7FADED5F-A7A9-4BBB-A643-D10D79ADA99E}.Debug|iPhoneSimulator.ActiveCfg = Debug|Any CPU
		{7FADED5F-A7A9-4BBB-A643-D10D79ADA99E}.Debug|iPhoneSimulator.Build.0 = Debug|Any CPU
		{7FADED5F-A7A9-4BBB-A643-D10D79ADA99E}.Release|Any CPU.ActiveCfg = Release|Any CPU
		{7FADED5F-A7A9-4BBB-A643-D10D79ADA99E}.Release|Any CPU.Build.0 = Release|Any CPU
		{7FADED5F-A7A9-4BBB-A643-D10D79ADA99E}.Release|iPhone.ActiveCfg = Release|Any CPU
		{7FADED5F-A7A9-4BBB-A643-D10D79ADA99E}.Release|iPhone.Build.0 = Release|Any CPU
		{7FADED5F-A7A9-4BBB-A643-D10D79ADA99E}.Release|iPhoneSimulator.ActiveCfg = Release|Any CPU
		{7FADED5F-A7A9-4BBB-A643-D10D79ADA99E}.Release|iPhoneSimulator.Build.0 = Release|Any CPU
	EndGlobalSection
EndGlobal
