
Microsoft Visual Studio Solution File, Format Version 12.00
# Visual Studio Version 16
VisualStudioVersion = 16.0.29911.84
MinimumVisualStudioVersion = 10.0.40219.1
Project("{FAE04EC0-301F-11D3-BF4B-00C04F79EFBC}") = "TestBinding.UWP", "TestBinding.UWP\TestBinding.UWP.csproj", "{F4D0F5EA-D837-4D49-8E92-A16DDB6D2750}"
EndProject
Project("{FAE04EC0-301F-11D3-BF4B-00C04F79EFBC}") = "TestBinding.Android", "TestBinding.Android\TestBinding.Android.csproj", "{929ABF3F-D4F9-4161-ABC2-4114ABD537D7}"
EndProject
Project("{FAE04EC0-301F-11D3-BF4B-00C04F79EFBC}") = "TestBinding.iOS", "TestBinding.iOS\TestBinding.iOS.csproj", "{6DDA0755-1849-4521-8983-7286C7DD5A56}"
EndProject
Project("{FAE04EC0-301F-11D3-BF4B-00C04F79EFBC}") = "TestBinding", "TestBinding\TestBinding.csproj", "{4F7064ED-6737-4829-AFB4-4A4550EA591E}"
EndProject
Global
	GlobalSection(SolutionConfigurationPlatforms) = preSolution
		Debug|Any CPU = Debug|Any CPU
		Debug|ARM = Debug|ARM
		Debug|iPhone = Debug|iPhone
		Debug|iPhoneSimulator = Debug|iPhoneSimulator
		Debug|x64 = Debug|x64
		Debug|x86 = Debug|x86
		Release|Any CPU = Release|Any CPU
		Release|ARM = Release|ARM
		Release|iPhone = Release|iPhone
		Release|iPhoneSimulator = Release|iPhoneSimulator
		Release|x64 = Release|x64
		Release|x86 = Release|x86
	EndGlobalSection
	GlobalSection(ProjectConfigurationPlatforms) = postSolution
		{F4D0F5EA-D837-4D49-8E92-A16DDB6D2750}.Debug|Any CPU.ActiveCfg = Debug|x86
		{F4D0F5EA-D837-4D49-8E92-A16DDB6D2750}.Debug|Any CPU.Build.0 = Debug|x86
		{F4D0F5EA-D837-4D49-8E92-A16DDB6D2750}.Debug|Any CPU.Deploy.0 = Debug|x86
		{F4D0F5EA-D837-4D49-8E92-A16DDB6D2750}.Debug|ARM.ActiveCfg = Debug|ARM
		{F4D0F5EA-D837-4D49-8E92-A16DDB6D2750}.Debug|ARM.Build.0 = Debug|ARM
		{F4D0F5EA-D837-4D49-8E92-A16DDB6D2750}.Debug|ARM.Deploy.0 = Debug|ARM
		{F4D0F5EA-D837-4D49-8E92-A16DDB6D2750}.Debug|iPhone.ActiveCfg = Debug|x86
		{F4D0F5EA-D837-4D49-8E92-A16DDB6D2750}.Debug|iPhone.Build.0 = Debug|x86
		{F4D0F5EA-D837-4D49-8E92-A16DDB6D2750}.Debug|iPhone.Deploy.0 = Debug|x86
		{F4D0F5EA-D837-4D49-8E92-A16DDB6D2750}.Debug|iPhoneSimulator.ActiveCfg = Debug|x86
		{F4D0F5EA-D837-4D49-8E92-A16DDB6D2750}.Debug|iPhoneSimulator.Build.0 = Debug|x86
		{F4D0F5EA-D837-4D49-8E92-A16DDB6D2750}.Debug|iPhoneSimulator.Deploy.0 = Debug|x86
		{F4D0F5EA-D837-4D49-8E92-A16DDB6D2750}.Debug|x64.ActiveCfg = Debug|x64
		{F4D0F5EA-D837-4D49-8E92-A16DDB6D2750}.Debug|x64.Build.0 = Debug|x64
		{F4D0F5EA-D837-4D49-8E92-A16DDB6D2750}.Debug|x64.Deploy.0 = Debug|x64
		{F4D0F5EA-D837-4D49-8E92-A16DDB6D2750}.Debug|x86.ActiveCfg = Debug|x86
		{F4D0F5EA-D837-4D49-8E92-A16DDB6D2750}.Debug|x86.Build.0 = Debug|x86
		{F4D0F5EA-D837-4D49-8E92-A16DDB6D2750}.Debug|x86.Deploy.0 = Debug|x86
		{F4D0F5EA-D837-4D49-8E92-A16DDB6D2750}.Release|Any CPU.ActiveCfg = Release|x86
		{F4D0F5EA-D837-4D49-8E92-A16DDB6D2750}.Release|Any CPU.Build.0 = Release|x86
		{F4D0F5EA-D837-4D49-8E92-A16DDB6D2750}.Release|Any CPU.Deploy.0 = Release|x86
		{F4D0F5EA-D837-4D49-8E92-A16DDB6D2750}.Release|ARM.ActiveCfg = Release|ARM
		{F4D0F5EA-D837-4D49-8E92-A16DDB6D2750}.Release|ARM.Build.0 = Release|ARM
		{F4D0F5EA-D837-4D49-8E92-A16DDB6D2750}.Release|ARM.Deploy.0 = Release|ARM
		{F4D0F5EA-D837-4D49-8E92-A16DDB6D2750}.Release|iPhone.ActiveCfg = Release|x86
		{F4D0F5EA-D837-4D49-8E92-A16DDB6D2750}.Release|iPhone.Build.0 = Release|x86
		{F4D0F5EA-D837-4D49-8E92-A16DDB6D2750}.Release|iPhone.Deploy.0 = Release|x86
		{F4D0F5EA-D837-4D49-8E92-A16DDB6D2750}.Release|iPhoneSimulator.ActiveCfg = Release|x86
		{F4D0F5EA-D837-4D49-8E92-A16DDB6D2750}.Release|iPhoneSimulator.Build.0 = Release|x86
		{F4D0F5EA-D837-4D49-8E92-A16DDB6D2750}.Release|iPhoneSimulator.Deploy.0 = Release|x86
		{F4D0F5EA-D837-4D49-8E92-A16DDB6D2750}.Release|x64.ActiveCfg = Release|x64
		{F4D0F5EA-D837-4D49-8E92-A16DDB6D2750}.Release|x64.Build.0 = Release|x64
		{F4D0F5EA-D837-4D49-8E92-A16DDB6D2750}.Release|x64.Deploy.0 = Release|x64
		{F4D0F5EA-D837-4D49-8E92-A16DDB6D2750}.Release|x86.ActiveCfg = Release|x86
		{F4D0F5EA-D837-4D49-8E92-A16DDB6D2750}.Release|x86.Build.0 = Release|x86
		{F4D0F5EA-D837-4D49-8E92-A16DDB6D2750}.Release|x86.Deploy.0 = Release|x86
		{929ABF3F-D4F9-4161-ABC2-4114ABD537D7}.Debug|Any CPU.ActiveCfg = Debug|Any CPU
		{929ABF3F-D4F9-4161-ABC2-4114ABD537D7}.Debug|Any CPU.Build.0 = Debug|Any CPU
		{929ABF3F-D4F9-4161-ABC2-4114ABD537D7}.Debug|Any CPU.Deploy.0 = Debug|Any CPU
		{929ABF3F-D4F9-4161-ABC2-4114ABD537D7}.Debug|ARM.ActiveCfg = Debug|Any CPU
		{929ABF3F-D4F9-4161-ABC2-4114ABD537D7}.Debug|ARM.Build.0 = Debug|Any CPU
		{929ABF3F-D4F9-4161-ABC2-4114ABD537D7}.Debug|ARM.Deploy.0 = Debug|Any CPU
		{929ABF3F-D4F9-4161-ABC2-4114ABD537D7}.Debug|iPhone.ActiveCfg = Debug|Any CPU
		{929ABF3F-D4F9-4161-ABC2-4114ABD537D7}.Debug|iPhone.Build.0 = Debug|Any CPU
		{929ABF3F-D4F9-4161-ABC2-4114ABD537D7}.Debug|iPhone.Deploy.0 = Debug|Any CPU
		{929ABF3F-D4F9-4161-ABC2-4114ABD537D7}.Debug|iPhoneSimulator.ActiveCfg = Debug|Any CPU
		{929ABF3F-D4F9-4161-ABC2-4114ABD537D7}.Debug|iPhoneSimulator.Build.0 = Debug|Any CPU
		{929ABF3F-D4F9-4161-ABC2-4114ABD537D7}.Debug|iPhoneSimulator.Deploy.0 = Debug|Any CPU
		{929ABF3F-D4F9-4161-ABC2-4114ABD537D7}.Debug|x64.ActiveCfg = Debug|Any CPU
		{929ABF3F-D4F9-4161-ABC2-4114ABD537D7}.Debug|x64.Build.0 = Debug|Any CPU
		{929ABF3F-D4F9-4161-ABC2-4114ABD537D7}.Debug|x64.Deploy.0 = Debug|Any CPU
		{929ABF3F-D4F9-4161-ABC2-4114ABD537D7}.Debug|x86.ActiveCfg = Debug|Any CPU
		{929ABF3F-D4F9-4161-ABC2-4114ABD537D7}.Debug|x86.Build.0 = Debug|Any CPU
		{929ABF3F-D4F9-4161-ABC2-4114ABD537D7}.Debug|x86.Deploy.0 = Debug|Any CPU
		{929ABF3F-D4F9-4161-ABC2-4114ABD537D7}.Release|Any CPU.ActiveCfg = Release|Any CPU
		{929ABF3F-D4F9-4161-ABC2-4114ABD537D7}.Release|Any CPU.Build.0 = Release|Any CPU
		{929ABF3F-D4F9-4161-ABC2-4114ABD537D7}.Release|Any CPU.Deploy.0 = Release|Any CPU
		{929ABF3F-D4F9-4161-ABC2-4114ABD537D7}.Release|ARM.ActiveCfg = Release|Any CPU
		{929ABF3F-D4F9-4161-ABC2-4114ABD537D7}.Release|ARM.Build.0 = Release|Any CPU
		{929ABF3F-D4F9-4161-ABC2-4114ABD537D7}.Release|ARM.Deploy.0 = Release|Any CPU
		{929ABF3F-D4F9-4161-ABC2-4114ABD537D7}.Release|iPhone.ActiveCfg = Release|Any CPU
		{929ABF3F-D4F9-4161-ABC2-4114ABD537D7}.Release|iPhone.Build.0 = Release|Any CPU
		{929ABF3F-D4F9-4161-ABC2-4114ABD537D7}.Release|iPhone.Deploy.0 = Release|Any CPU
		{929ABF3F-D4F9-4161-ABC2-4114ABD537D7}.Release|iPhoneSimulator.ActiveCfg = Release|Any CPU
		{929ABF3F-D4F9-4161-ABC2-4114ABD537D7}.Release|iPhoneSimulator.Build.0 = Release|Any CPU
		{929ABF3F-D4F9-4161-ABC2-4114ABD537D7}.Release|iPhoneSimulator.Deploy.0 = Release|Any CPU
		{929ABF3F-D4F9-4161-ABC2-4114ABD537D7}.Release|x64.ActiveCfg = Release|Any CPU
		{929ABF3F-D4F9-4161-ABC2-4114ABD537D7}.Release|x64.Build.0 = Release|Any CPU
		{929ABF3F-D4F9-4161-ABC2-4114ABD537D7}.Release|x64.Deploy.0 = Release|Any CPU
		{929ABF3F-D4F9-4161-ABC2-4114ABD537D7}.Release|x86.ActiveCfg = Release|Any CPU
		{929ABF3F-D4F9-4161-ABC2-4114ABD537D7}.Release|x86.Build.0 = Release|Any CPU
		{929ABF3F-D4F9-4161-ABC2-4114ABD537D7}.Release|x86.Deploy.0 = Release|Any CPU
		{6DDA0755-1849-4521-8983-7286C7DD5A56}.Debug|Any CPU.ActiveCfg = Debug|iPhone
		{6DDA0755-1849-4521-8983-7286C7DD5A56}.Debug|Any CPU.Build.0 = Debug|iPhone
		{6DDA0755-1849-4521-8983-7286C7DD5A56}.Debug|Any CPU.Deploy.0 = Debug|iPhone
		{6DDA0755-1849-4521-8983-7286C7DD5A56}.Debug|ARM.ActiveCfg = Debug|iPhone
		{6DDA0755-1849-4521-8983-7286C7DD5A56}.Debug|ARM.Build.0 = Debug|iPhone
		{6DDA0755-1849-4521-8983-7286C7DD5A56}.Debug|ARM.Deploy.0 = Debug|iPhone
		{6DDA0755-1849-4521-8983-7286C7DD5A56}.Debug|iPhone.ActiveCfg = Debug|iPhone
		{6DDA0755-1849-4521-8983-7286C7DD5A56}.Debug|iPhone.Build.0 = Debug|iPhone
		{6DDA0755-1849-4521-8983-7286C7DD5A56}.Debug|iPhone.Deploy.0 = Debug|iPhone
		{6DDA0755-1849-4521-8983-7286C7DD5A56}.Debug|iPhoneSimulator.ActiveCfg = Debug|iPhoneSimulator
		{6DDA0755-1849-4521-8983-7286C7DD5A56}.Debug|iPhoneSimulator.Build.0 = Debug|iPhoneSimulator
		{6DDA0755-1849-4521-8983-7286C7DD5A56}.Debug|iPhoneSimulator.Deploy.0 = Debug|iPhoneSimulator
		{6DDA0755-1849-4521-8983-7286C7DD5A56}.Debug|x64.ActiveCfg = Debug|iPhone
		{6DDA0755-1849-4521-8983-7286C7DD5A56}.Debug|x64.Build.0 = Debug|iPhone
		{6DDA0755-1849-4521-8983-7286C7DD5A56}.Debug|x64.Deploy.0 = Debug|iPhone
		{6DDA0755-1849-4521-8983-7286C7DD5A56}.Debug|x86.ActiveCfg = Debug|iPhone
		{6DDA0755-1849-4521-8983-7286C7DD5A56}.Debug|x86.Build.0 = Debug|iPhone
		{6DDA0755-1849-4521-8983-7286C7DD5A56}.Debug|x86.Deploy.0 = Debug|iPhone
		{6DDA0755-1849-4521-8983-7286C7DD5A56}.Release|Any CPU.ActiveCfg = Release|iPhone
		{6DDA0755-1849-4521-8983-7286C7DD5A56}.Release|Any CPU.Build.0 = Release|iPhone
		{6DDA0755-1849-4521-8983-7286C7DD5A56}.Release|Any CPU.Deploy.0 = Release|iPhone
		{6DDA0755-1849-4521-8983-7286C7DD5A56}.Release|ARM.ActiveCfg = Release|iPhone
		{6DDA0755-1849-4521-8983-7286C7DD5A56}.Release|ARM.Build.0 = Release|iPhone
		{6DDA0755-1849-4521-8983-7286C7DD5A56}.Release|ARM.Deploy.0 = Release|iPhone
		{6DDA0755-1849-4521-8983-7286C7DD5A56}.Release|iPhone.ActiveCfg = Release|iPhone
		{6DDA0755-1849-4521-8983-7286C7DD5A56}.Release|iPhone.Build.0 = Release|iPhone
		{6DDA0755-1849-4521-8983-7286C7DD5A56}.Release|iPhone.Deploy.0 = Release|iPhone
		{6DDA0755-1849-4521-8983-7286C7DD5A56}.Release|iPhoneSimulator.ActiveCfg = Release|iPhoneSimulator
		{6DDA0755-1849-4521-8983-7286C7DD5A56}.Release|iPhoneSimulator.Build.0 = Release|iPhoneSimulator
		{6DDA0755-1849-4521-8983-7286C7DD5A56}.Release|iPhoneSimulator.Deploy.0 = Release|iPhoneSimulator
		{6DDA0755-1849-4521-8983-7286C7DD5A56}.Release|x64.ActiveCfg = Release|iPhone
		{6DDA0755-1849-4521-8983-7286C7DD5A56}.Release|x64.Build.0 = Release|iPhone
		{6DDA0755-1849-4521-8983-7286C7DD5A56}.Release|x64.Deploy.0 = Release|iPhone
		{6DDA0755-1849-4521-8983-7286C7DD5A56}.Release|x86.ActiveCfg = Release|iPhone
		{6DDA0755-1849-4521-8983-7286C7DD5A56}.Release|x86.Build.0 = Release|iPhone
		{6DDA0755-1849-4521-8983-7286C7DD5A56}.Release|x86.Deploy.0 = Release|iPhone
		{4F7064ED-6737-4829-AFB4-4A4550EA591E}.Debug|Any CPU.ActiveCfg = Debug|Any CPU
		{4F7064ED-6737-4829-AFB4-4A4550EA591E}.Debug|Any CPU.Build.0 = Debug|Any CPU
		{4F7064ED-6737-4829-AFB4-4A4550EA591E}.Debug|Any CPU.Deploy.0 = Debug|Any CPU
		{4F7064ED-6737-4829-AFB4-4A4550EA591E}.Debug|ARM.ActiveCfg = Debug|Any CPU
		{4F7064ED-6737-4829-AFB4-4A4550EA591E}.Debug|ARM.Build.0 = Debug|Any CPU
		{4F7064ED-6737-4829-AFB4-4A4550EA591E}.Debug|ARM.Deploy.0 = Debug|Any CPU
		{4F7064ED-6737-4829-AFB4-4A4550EA591E}.Debug|iPhone.ActiveCfg = Debug|Any CPU
		{4F7064ED-6737-4829-AFB4-4A4550EA591E}.Debug|iPhone.Build.0 = Debug|Any CPU
		{4F7064ED-6737-4829-AFB4-4A4550EA591E}.Debug|iPhone.Deploy.0 = Debug|Any CPU
		{4F7064ED-6737-4829-AFB4-4A4550EA591E}.Debug|iPhoneSimulator.ActiveCfg = Debug|Any CPU
		{4F7064ED-6737-4829-AFB4-4A4550EA591E}.Debug|iPhoneSimulator.Build.0 = Debug|Any CPU
		{4F7064ED-6737-4829-AFB4-4A4550EA591E}.Debug|iPhoneSimulator.Deploy.0 = Debug|Any CPU
		{4F7064ED-6737-4829-AFB4-4A4550EA591E}.Debug|x64.ActiveCfg = Debug|Any CPU
		{4F7064ED-6737-4829-AFB4-4A4550EA591E}.Debug|x64.Build.0 = Debug|Any CPU
		{4F7064ED-6737-4829-AFB4-4A4550EA591E}.Debug|x64.Deploy.0 = Debug|Any CPU
		{4F7064ED-6737-4829-AFB4-4A4550EA591E}.Debug|x86.ActiveCfg = Debug|Any CPU
		{4F7064ED-6737-4829-AFB4-4A4550EA591E}.Debug|x86.Build.0 = Debug|Any CPU
		{4F7064ED-6737-4829-AFB4-4A4550EA591E}.Debug|x86.Deploy.0 = Debug|Any CPU
		{4F7064ED-6737-4829-AFB4-4A4550EA591E}.Release|Any CPU.ActiveCfg = Release|Any CPU
		{4F7064ED-6737-4829-AFB4-4A4550EA591E}.Release|Any CPU.Build.0 = Release|Any CPU
		{4F7064ED-6737-4829-AFB4-4A4550EA591E}.Release|Any CPU.Deploy.0 = Release|Any CPU
		{4F7064ED-6737-4829-AFB4-4A4550EA591E}.Release|ARM.ActiveCfg = Release|Any CPU
		{4F7064ED-6737-4829-AFB4-4A4550EA591E}.Release|ARM.Build.0 = Release|Any CPU
		{4F7064ED-6737-4829-AFB4-4A4550EA591E}.Release|ARM.Deploy.0 = Release|Any CPU
		{4F7064ED-6737-4829-AFB4-4A4550EA591E}.Release|iPhone.ActiveCfg = Release|Any CPU
		{4F7064ED-6737-4829-AFB4-4A4550EA591E}.Release|iPhone.Build.0 = Release|Any CPU
		{4F7064ED-6737-4829-AFB4-4A4550EA591E}.Release|iPhone.Deploy.0 = Release|Any CPU
		{4F7064ED-6737-4829-AFB4-4A4550EA591E}.Release|iPhoneSimulator.ActiveCfg = Release|Any CPU
		{4F7064ED-6737-4829-AFB4-4A4550EA591E}.Release|iPhoneSimulator.Build.0 = Release|Any CPU
		{4F7064ED-6737-4829-AFB4-4A4550EA591E}.Release|iPhoneSimulator.Deploy.0 = Release|Any CPU
		{4F7064ED-6737-4829-AFB4-4A4550EA591E}.Release|x64.ActiveCfg = Release|Any CPU
		{4F7064ED-6737-4829-AFB4-4A4550EA591E}.Release|x64.Build.0 = Release|Any CPU
		{4F7064ED-6737-4829-AFB4-4A4550EA591E}.Release|x64.Deploy.0 = Release|Any CPU
		{4F7064ED-6737-4829-AFB4-4A4550EA591E}.Release|x86.ActiveCfg = Release|Any CPU
		{4F7064ED-6737-4829-AFB4-4A4550EA591E}.Release|x86.Build.0 = Release|Any CPU
		{4F7064ED-6737-4829-AFB4-4A4550EA591E}.Release|x86.Deploy.0 = Release|Any CPU
	EndGlobalSection
	GlobalSection(SolutionProperties) = preSolution
		HideSolutionNode = FALSE
	EndGlobalSection
	GlobalSection(ExtensibilityGlobals) = postSolution
		SolutionGuid = {0D320182-81F8-4EC4-9B5E-8275226B4831}
	EndGlobalSection
EndGlobal
